
Microsoft Visual Studio Solution File, Format Version 12.00
# Visual Studio 2012
VisualStudioVersion = 14.0.25123.0
MinimumVisualStudioVersion = 10.0.40219.1
Project("{FAE04EC0-301F-11D3-BF4B-00C04F79EFBC}") = "website", "website\website.csproj", "{2E7D1D89-5ECA-4EB0-BDCC-0C528849226D}"
EndProject
Global
	GlobalSection(SolutionConfigurationPlatforms) = preSolution
		Debug|Any CPU = Debug|Any CPU
		Release|Any CPU = Release|Any CPU
		Debug|x86 = Debug|x86
		Release|x86 = Release|x86
	EndGlobalSection
	GlobalSection(ProjectConfigurationPlatforms) = postSolution
		{2E7D1D89-5ECA-4EB0-BDCC-0C528849226D}.Debug|Any CPU.ActiveCfg = Debug|Any CPU
		{2E7D1D89-5ECA-4EB0-BDCC-0C528849226D}.Debug|Any CPU.Build.0 = Debug|Any CPU
		{2E7D1D89-5ECA-4EB0-BDCC-0C528849226D}.Debug|x86.ActiveCfg = Debug|Any CPU
		{2E7D1D89-5ECA-4EB0-BDCC-0C528849226D}.Debug|x86.Build.0 = Debug|Any CPU
		{2E7D1D89-5ECA-4EB0-BDCC-0C528849226D}.Release|Any CPU.ActiveCfg = Release|Any CPU
		{2E7D1D89-5ECA-4EB0-BDCC-0C528849226D}.Release|Any CPU.Build.0 = Release|Any CPU
		{2E7D1D89-5ECA-4EB0-BDCC-0C528849226D}.Release|x86.ActiveCfg = Release|Any CPU
		{2E7D1D89-5ECA-4EB0-BDCC-0C528849226D}.Release|x86.Build.0 = Release|Any CPU
	EndGlobalSection
	GlobalSection(MonoDevelopProperties) = preSolution
		Policies = $0
		$0.TextStylePolicy = $1
		$1.FileWidth = 120
		$1.TabsToSpaces = False
		$1.inheritsSet = VisualStudio
		$1.inheritsScope = text/plain
		$0.DotNetNamingPolicy = $2
		$2.DirectoryNamespaceAssociation = Flat
		$2.ResourceNamePolicy = FileFormatDefault
	EndGlobalSection
	GlobalSection(SolutionProperties) = preSolution
		HideSolutionNode = FALSE
	EndGlobalSection
EndGlobal
